// !$*UTF8*$!
{
	archiveVersion = 1;
	classes = {
	};
	objectVersion = 48;
	objects = {

/* Begin PBXBuildFile section */
		B21234A9C30D01F488A3AB5C /* Pods_Weather_Now.framework in Frameworks */ = {isa = PBXBuildFile; fileRef = A8782EEB2B77822CC8EF5D44 /* Pods_Weather_Now.framework */; };
		FE5B9219204E9AC100C58A29 /* AppDelegate.swift in Sources */ = {isa = PBXBuildFile; fileRef = FE5B9218204E9AC100C58A29 /* AppDelegate.swift */; };
		FE5B921B204E9AC100C58A29 /* ViewController.swift in Sources */ = {isa = PBXBuildFile; fileRef = FE5B921A204E9AC100C58A29 /* ViewController.swift */; };
		FE5B921E204E9AC100C58A29 /* Main.storyboard in Resources */ = {isa = PBXBuildFile; fileRef = FE5B921C204E9AC100C58A29 /* Main.storyboard */; };
		FE5B9220204E9AC100C58A29 /* Assets.xcassets in Resources */ = {isa = PBXBuildFile; fileRef = FE5B921F204E9AC100C58A29 /* Assets.xcassets */; };
		FE5B9223204E9AC100C58A29 /* LaunchScreen.storyboard in Resources */ = {isa = PBXBuildFile; fileRef = FE5B9221204E9AC100C58A29 /* LaunchScreen.storyboard */; };
		FE8F9C9620517C0100BC4346 /* WeatherDataModel.swift in Sources */ = {isa = PBXBuildFile; fileRef = FE8F9C9520517C0100BC4346 /* WeatherDataModel.swift */; };
		FEAEA145205793B400D93F32 /* WeatherDataAdapter.swift in Sources */ = {isa = PBXBuildFile; fileRef = FEAEA144205793B400D93F32 /* WeatherDataAdapter.swift */; };
		FEAEA14B20594B5600D93F32 /* ForecastViewController.swift in Sources */ = {isa = PBXBuildFile; fileRef = FEAEA14A20594B5600D93F32 /* ForecastViewController.swift */; };
		FEAEA1512059682600D93F32 /* FeatureCollectionViewCell.swift in Sources */ = {isa = PBXBuildFile; fileRef = FEAEA1502059682600D93F32 /* FeatureCollectionViewCell.swift */; };
/* End PBXBuildFile section */

/* Begin PBXFileReference section */
		A412F288E397FA9662BAB8C1 /* Pods-Weather_Now.release.xcconfig */ = {isa = PBXFileReference; includeInIndex = 1; lastKnownFileType = text.xcconfig; name = "Pods-Weather_Now.release.xcconfig"; path = "Pods/Target Support Files/Pods-Weather_Now/Pods-Weather_Now.release.xcconfig"; sourceTree = "<group>"; };
		A8782EEB2B77822CC8EF5D44 /* Pods_Weather_Now.framework */ = {isa = PBXFileReference; explicitFileType = wrapper.framework; includeInIndex = 0; path = Pods_Weather_Now.framework; sourceTree = BUILT_PRODUCTS_DIR; };
		F2359CFE82E2F33736EC2349 /* Pods-Weather_Now.debug.xcconfig */ = {isa = PBXFileReference; includeInIndex = 1; lastKnownFileType = text.xcconfig; name = "Pods-Weather_Now.debug.xcconfig"; path = "Pods/Target Support Files/Pods-Weather_Now/Pods-Weather_Now.debug.xcconfig"; sourceTree = "<group>"; };
		FE5B9215204E9AC100C58A29 /* Weather_Now.app */ = {isa = PBXFileReference; explicitFileType = wrapper.application; includeInIndex = 0; path = Weather_Now.app; sourceTree = BUILT_PRODUCTS_DIR; };
		FE5B9218204E9AC100C58A29 /* AppDelegate.swift */ = {isa = PBXFileReference; lastKnownFileType = sourcecode.swift; path = AppDelegate.swift; sourceTree = "<group>"; };
		FE5B921A204E9AC100C58A29 /* ViewController.swift */ = {isa = PBXFileReference; lastKnownFileType = sourcecode.swift; path = ViewController.swift; sourceTree = "<group>"; };
		FE5B921D204E9AC100C58A29 /* Base */ = {isa = PBXFileReference; lastKnownFileType = file.storyboard; name = Base; path = Base.lproj/Main.storyboard; sourceTree = "<group>"; };
		FE5B921F204E9AC100C58A29 /* Assets.xcassets */ = {isa = PBXFileReference; lastKnownFileType = folder.assetcatalog; path = Assets.xcassets; sourceTree = "<group>"; };
		FE5B9222204E9AC100C58A29 /* Base */ = {isa = PBXFileReference; lastKnownFileType = file.storyboard; name = Base; path = Base.lproj/LaunchScreen.storyboard; sourceTree = "<group>"; };
		FE5B9224204E9AC100C58A29 /* Info.plist */ = {isa = PBXFileReference; lastKnownFileType = text.plist.xml; path = Info.plist; sourceTree = "<group>"; };
		FE8F9C9520517C0100BC4346 /* WeatherDataModel.swift */ = {isa = PBXFileReference; lastKnownFileType = sourcecode.swift; path = WeatherDataModel.swift; sourceTree = "<group>"; };
		FEAEA144205793B400D93F32 /* WeatherDataAdapter.swift */ = {isa = PBXFileReference; lastKnownFileType = sourcecode.swift; path = WeatherDataAdapter.swift; sourceTree = "<group>"; };
		FEAEA14A20594B5600D93F32 /* ForecastViewController.swift */ = {isa = PBXFileReference; lastKnownFileType = sourcecode.swift; path = ForecastViewController.swift; sourceTree = "<group>"; };
		FEAEA1502059682600D93F32 /* FeatureCollectionViewCell.swift */ = {isa = PBXFileReference; lastKnownFileType = sourcecode.swift; path = FeatureCollectionViewCell.swift; sourceTree = "<group>"; };
/* End PBXFileReference section */

/* Begin PBXFrameworksBuildPhase section */
		FE5B9212204E9AC100C58A29 /* Frameworks */ = {
			isa = PBXFrameworksBuildPhase;
			buildActionMask = 2147483647;
			files = (
				B21234A9C30D01F488A3AB5C /* Pods_Weather_Now.framework in Frameworks */,
			);
			runOnlyForDeploymentPostprocessing = 0;
		};
/* End PBXFrameworksBuildPhase section */

/* Begin PBXGroup section */
		0120292CD2A08712EC3B5F47 /* Pods */ = {
			isa = PBXGroup;
			children = (
				F2359CFE82E2F33736EC2349 /* Pods-Weather_Now.debug.xcconfig */,
				A412F288E397FA9662BAB8C1 /* Pods-Weather_Now.release.xcconfig */,
			);
			name = Pods;
			sourceTree = "<group>";
		};
		4D674E55F740EC8DA2733786 /* Frameworks */ = {
			isa = PBXGroup;
			children = (
				A8782EEB2B77822CC8EF5D44 /* Pods_Weather_Now.framework */,
			);
			name = Frameworks;
			sourceTree = "<group>";
		};
		FE5B920C204E9AC100C58A29 = {
			isa = PBXGroup;
			children = (
				FE5B9217204E9AC100C58A29 /* Weather_Now */,
				FE5B9216204E9AC100C58A29 /* Products */,
				0120292CD2A08712EC3B5F47 /* Pods */,
				4D674E55F740EC8DA2733786 /* Frameworks */,
			);
			sourceTree = "<group>";
		};
		FE5B9216204E9AC100C58A29 /* Products */ = {
			isa = PBXGroup;
			children = (
				FE5B9215204E9AC100C58A29 /* Weather_Now.app */,
			);
			name = Products;
			sourceTree = "<group>";
		};
		FE5B9217204E9AC100C58A29 /* Weather_Now */ = {
			isa = PBXGroup;
			children = (
				FEAEA14F20595E9200D93F32 /* View */,
				FEAEA14D20595E5100D93F32 /* Controller */,
				FEAEA14C20595E3300D93F32 /* Model */,
				FE5B921F204E9AC100C58A29 /* Assets.xcassets */,
				FE5B9221204E9AC100C58A29 /* LaunchScreen.storyboard */,
				FE5B9224204E9AC100C58A29 /* Info.plist */,
			);
			path = Weather_Now;
			sourceTree = "<group>";
		};
		FEAEA14C20595E3300D93F32 /* Model */ = {
			isa = PBXGroup;
			children = (
				FE8F9C9520517C0100BC4346 /* WeatherDataModel.swift */,
				FEAEA144205793B400D93F32 /* WeatherDataAdapter.swift */,
			);
			path = Model;
			sourceTree = "<group>";
		};
		FEAEA14D20595E5100D93F32 /* Controller */ = {
			isa = PBXGroup;
			children = (
				FE5B9218204E9AC100C58A29 /* AppDelegate.swift */,
				FE5B921A204E9AC100C58A29 /* ViewController.swift */,
				FEAEA14A20594B5600D93F32 /* ForecastViewController.swift */,
			);
			path = Controller;
			sourceTree = "<group>";
		};
		FEAEA14F20595E9200D93F32 /* View */ = {
			isa = PBXGroup;
			children = (
				FE5B921C204E9AC100C58A29 /* Main.storyboard */,
				FEAEA1502059682600D93F32 /* FeatureCollectionViewCell.swift */,
			);
			path = View;
			sourceTree = "<group>";
		};
/* End PBXGroup section */

/* Begin PBXNativeTarget section */
		FE5B9214204E9AC100C58A29 /* Weather_Now */ = {
			isa = PBXNativeTarget;
			buildConfigurationList = FE5B9227204E9AC100C58A29 /* Build configuration list for PBXNativeTarget "Weather_Now" */;
			buildPhases = (
				BD479F333C4DF4A2940F81DE /* [CP] Check Pods Manifest.lock */,
				FE5B9211204E9AC100C58A29 /* Sources */,
				FE5B9212204E9AC100C58A29 /* Frameworks */,
				FE5B9213204E9AC100C58A29 /* Resources */,
				98D8B3B715017A91B72E2E99 /* [CP] Embed Pods Frameworks */,
				7C9AE11CEA54F9CFA1F75A30 /* [CP] Copy Pods Resources */,
			);
			buildRules = (
			);
			dependencies = (
			);
			name = Weather_Now;
			productName = Weather_Now;
			productReference = FE5B9215204E9AC100C58A29 /* Weather_Now.app */;
			productType = "com.apple.product-type.application";
		};
/* End PBXNativeTarget section */

/* Begin PBXProject section */
		FE5B920D204E9AC100C58A29 /* Project object */ = {
			isa = PBXProject;
			attributes = {
				LastSwiftUpdateCheck = 0920;
				LastUpgradeCheck = 0920;
				ORGANIZATIONNAME = "Seo Jaehyeong";
				TargetAttributes = {
					FE5B9214204E9AC100C58A29 = {
						CreatedOnToolsVersion = 9.2;
						ProvisioningStyle = Automatic;
					};
				};
			};
			buildConfigurationList = FE5B9210204E9AC100C58A29 /* Build configuration list for PBXProject "Weather_Now" */;
			compatibilityVersion = "Xcode 8.0";
			developmentRegion = en;
			hasScannedForEncodings = 0;
			knownRegions = (
				en,
				Base,
			);
			mainGroup = FE5B920C204E9AC100C58A29;
			productRefGroup = FE5B9216204E9AC100C58A29 /* Products */;
			projectDirPath = "";
			projectRoot = "";
			targets = (
				FE5B9214204E9AC100C58A29 /* Weather_Now */,
			);
		};
/* End PBXProject section */

/* Begin PBXResourcesBuildPhase section */
		FE5B9213204E9AC100C58A29 /* Resources */ = {
			isa = PBXResourcesBuildPhase;
			buildActionMask = 2147483647;
			files = (
				FE5B9223204E9AC100C58A29 /* LaunchScreen.storyboard in Resources */,
				FE5B9220204E9AC100C58A29 /* Assets.xcassets in Resources */,
				FE5B921E204E9AC100C58A29 /* Main.storyboard in Resources */,
			);
			runOnlyForDeploymentPostprocessing = 0;
		};
/* End PBXResourcesBuildPhase section */

/* Begin PBXShellScriptBuildPhase section */
		7C9AE11CEA54F9CFA1F75A30 /* [CP] Copy Pods Resources */ = {
			isa = PBXShellScriptBuildPhase;
			buildActionMask = 2147483647;
			files = (
			);
			inputPaths = (
			);
			name = "[CP] Copy Pods Resources";
			outputPaths = (
			);
			runOnlyForDeploymentPostprocessing = 0;
			shellPath = /bin/sh;
			shellScript = "\"${SRCROOT}/Pods/Target Support Files/Pods-Weather_Now/Pods-Weather_Now-resources.sh\"\n";
			showEnvVarsInLog = 0;
		};
		98D8B3B715017A91B72E2E99 /* [CP] Embed Pods Frameworks */ = {
			isa = PBXShellScriptBuildPhase;
			buildActionMask = 2147483647;
			files = (
			);
			inputPaths = (
				"${SRCROOT}/Pods/Target Support Files/Pods-Weather_Now/Pods-Weather_Now-frameworks.sh",
				"${BUILT_PRODUCTS_DIR}/Alamofire/Alamofire.framework",
				"${BUILT_PRODUCTS_DIR}/SVProgressHUD/SVProgressHUD.framework",
				"${BUILT_PRODUCTS_DIR}/SwiftyJSON/SwiftyJSON.framework",
			);
			name = "[CP] Embed Pods Frameworks";
			outputPaths = (
				"${TARGET_BUILD_DIR}/${FRAMEWORKS_FOLDER_PATH}/Alamofire.framework",
				"${TARGET_BUILD_DIR}/${FRAMEWORKS_FOLDER_PATH}/SVProgressHUD.framework",
				"${TARGET_BUILD_DIR}/${FRAMEWORKS_FOLDER_PATH}/SwiftyJSON.framework",
			);
			runOnlyForDeploymentPostprocessing = 0;
			shellPath = /bin/sh;
			shellScript = "\"${SRCROOT}/Pods/Target Support Files/Pods-Weather_Now/Pods-Weather_Now-frameworks.sh\"\n";
			showEnvVarsInLog = 0;
		};
		BD479F333C4DF4A2940F81DE /* [CP] Check Pods Manifest.lock */ = {
			isa = PBXShellScriptBuildPhase;
			buildActionMask = 2147483647;
			files = (
			);
			inputPaths = (
				"${PODS_PODFILE_DIR_PATH}/Podfile.lock",
				"${PODS_ROOT}/Manifest.lock",
			);
			name = "[CP] Check Pods Manifest.lock";
			outputPaths = (
				"$(DERIVED_FILE_DIR)/Pods-Weather_Now-checkManifestLockResult.txt",
			);
			runOnlyForDeploymentPostprocessing = 0;
			shellPath = /bin/sh;
			shellScript = "diff \"${PODS_PODFILE_DIR_PATH}/Podfile.lock\" \"${PODS_ROOT}/Manifest.lock\" > /dev/null\nif [ $? != 0 ] ; then\n    # print error to STDERR\n    echo \"error: The sandbox is not in sync with the Podfile.lock. Run 'pod install' or update your CocoaPods installation.\" >&2\n    exit 1\nfi\n# This output is used by Xcode 'outputs' to avoid re-running this script phase.\necho \"SUCCESS\" > \"${SCRIPT_OUTPUT_FILE_0}\"\n";
			showEnvVarsInLog = 0;
		};
/* End PBXShellScriptBuildPhase section */

/* Begin PBXSourcesBuildPhase section */
		FE5B9211204E9AC100C58A29 /* Sources */ = {
			isa = PBXSourcesBuildPhase;
			buildActionMask = 2147483647;
			files = (
				FE5B921B204E9AC100C58A29 /* ViewController.swift in Sources */,
				FEAEA145205793B400D93F32 /* WeatherDataAdapter.swift in Sources */,
				FEAEA14B20594B5600D93F32 /* ForecastViewController.swift in Sources */,
				FE5B9219204E9AC100C58A29 /* AppDelegate.swift in Sources */,
				FE8F9C9620517C0100BC4346 /* WeatherDataModel.swift in Sources */,
				FEAEA1512059682600D93F32 /* FeatureCollectionViewCell.swift in Sources */,
			);
			runOnlyForDeploymentPostprocessing = 0;
		};
/* End PBXSourcesBuildPhase section */

/* Begin PBXVariantGroup section */
		FE5B921C204E9AC100C58A29 /* Main.storyboard */ = {
			isa = PBXVariantGroup;
			children = (
				FE5B921D204E9AC100C58A29 /* Base */,
			);
			name = Main.storyboard;
			sourceTree = "<group>";
		};
		FE5B9221204E9AC100C58A29 /* LaunchScreen.storyboard */ = {
			isa = PBXVariantGroup;
			children = (
				FE5B9222204E9AC100C58A29 /* Base */,
			);
			name = LaunchScreen.storyboard;
			sourceTree = "<group>";
		};
/* End PBXVariantGroup section */

/* Begin XCBuildConfiguration section */
		FE5B9225204E9AC100C58A29 /* Debug */ = {
			isa = XCBuildConfiguration;
			buildSettings = {
				ALWAYS_SEARCH_USER_PATHS = NO;
				CLANG_ANALYZER_NONNULL = YES;
				CLANG_ANALYZER_NUMBER_OBJECT_CONVERSION = YES_AGGRESSIVE;
				CLANG_CXX_LANGUAGE_STANDARD = "gnu++14";
				CLANG_CXX_LIBRARY = "libc++";
				CLANG_ENABLE_MODULES = YES;
				CLANG_ENABLE_OBJC_ARC = YES;
				CLANG_WARN_BLOCK_CAPTURE_AUTORELEASING = YES;
				CLANG_WARN_BOOL_CONVERSION = YES;
				CLANG_WARN_COMMA = YES;
				CLANG_WARN_CONSTANT_CONVERSION = YES;
				CLANG_WARN_DIRECT_OBJC_ISA_USAGE = YES_ERROR;
				CLANG_WARN_DOCUMENTATION_COMMENTS = YES;
				CLANG_WARN_EMPTY_BODY = YES;
				CLANG_WARN_ENUM_CONVERSION = YES;
				CLANG_WARN_INFINITE_RECURSION = YES;
				CLANG_WARN_INT_CONVERSION = YES;
				CLANG_WARN_NON_LITERAL_NULL_CONVERSION = YES;
				CLANG_WARN_OBJC_LITERAL_CONVERSION = YES;
				CLANG_WARN_OBJC_ROOT_CLASS = YES_ERROR;
				CLANG_WARN_RANGE_LOOP_ANALYSIS = YES;
				CLANG_WARN_STRICT_PROTOTYPES = YES;
				CLANG_WARN_SUSPICIOUS_MOVE = YES;
				CLANG_WARN_UNGUARDED_AVAILABILITY = YES_AGGRESSIVE;
				CLANG_WARN_UNREACHABLE_CODE = YES;
				CLANG_WARN__DUPLICATE_METHOD_MATCH = YES;
				CODE_SIGN_IDENTITY = "iPhone Developer";
				COPY_PHASE_STRIP = NO;
				DEBUG_INFORMATION_FORMAT = dwarf;
				ENABLE_STRICT_OBJC_MSGSEND = YES;
				ENABLE_TESTABILITY = YES;
				GCC_C_LANGUAGE_STANDARD = gnu11;
				GCC_DYNAMIC_NO_PIC = NO;
				GCC_NO_COMMON_BLOCKS = YES;
				GCC_OPTIMIZATION_LEVEL = 0;
				GCC_PREPROCESSOR_DEFINITIONS = (
					"DEBUG=1",
					"$(inherited)",
				);
				GCC_WARN_64_TO_32_BIT_CONVERSION = YES;
				GCC_WARN_ABOUT_RETURN_TYPE = YES_ERROR;
				GCC_WARN_UNDECLARED_SELECTOR = YES;
				GCC_WARN_UNINITIALIZED_AUTOS = YES_AGGRESSIVE;
				GCC_WARN_UNUSED_FUNCTION = YES;
				GCC_WARN_UNUSED_VARIABLE = YES;
				IPHONEOS_DEPLOYMENT_TARGET = 10.2;
				MTL_ENABLE_DEBUG_INFO = YES;
				ONLY_ACTIVE_ARCH = YES;
				SDKROOT = iphoneos;
				SWIFT_ACTIVE_COMPILATION_CONDITIONS = DEBUG;
				SWIFT_OPTIMIZATION_LEVEL = "-Onone";
			};
			name = Debug;
		};
		FE5B9226204E9AC100C58A29 /* Release */ = {
			isa = XCBuildConfiguration;
			buildSettings = {
				ALWAYS_SEARCH_USER_PATHS = NO;
				CLANG_ANALYZER_NONNULL = YES;
				CLANG_ANALYZER_NUMBER_OBJECT_CONVERSION = YES_AGGRESSIVE;
				CLANG_CXX_LANGUAGE_STANDARD = "gnu++14";
				CLANG_CXX_LIBRARY = "libc++";
				CLANG_ENABLE_MODULES = YES;
				CLANG_ENABLE_OBJC_ARC = YES;
				CLANG_WARN_BLOCK_CAPTURE_AUTORELEASING = YES;
				CLANG_WARN_BOOL_CONVERSION = YES;
				CLANG_WARN_COMMA = YES;
				CLANG_WARN_CONSTANT_CONVERSION = YES;
				CLANG_WARN_DIRECT_OBJC_ISA_USAGE = YES_ERROR;
				CLANG_WARN_DOCUMENTATION_COMMENTS = YES;
				CLANG_WARN_EMPTY_BODY = YES;
				CLANG_WARN_ENUM_CONVERSION = YES;
				CLANG_WARN_INFINITE_RECURSION = YES;
				CLANG_WARN_INT_CONVERSION = YES;
				CLANG_WARN_NON_LITERAL_NULL_CONVERSION = YES;
				CLANG_WARN_OBJC_LITERAL_CONVERSION = YES;
				CLANG_WARN_OBJC_ROOT_CLASS = YES_ERROR;
				CLANG_WARN_RANGE_LOOP_ANALYSIS = YES;
				CLANG_WARN_STRICT_PROTOTYPES = YES;
				CLANG_WARN_SUSPICIOUS_MOVE = YES;
				CLANG_WARN_UNGUARDED_AVAILABILITY = YES_AGGRESSIVE;
				CLANG_WARN_UNREACHABLE_CODE = YES;
				CLANG_WARN__DUPLICATE_METHOD_MATCH = YES;
				CODE_SIGN_IDENTITY = "iPhone Developer";
				COPY_PHASE_STRIP = NO;
				DEBUG_INFORMATION_FORMAT = "dwarf-with-dsym";
				ENABLE_NS_ASSERTIONS = NO;
				ENABLE_STRICT_OBJC_MSGSEND = YES;
				GCC_C_LANGUAGE_STANDARD = gnu11;
				GCC_NO_COMMON_BLOCKS = YES;
				GCC_WARN_64_TO_32_BIT_CONVERSION = YES;
				GCC_WARN_ABOUT_RETURN_TYPE = YES_ERROR;
				GCC_WARN_UNDECLARED_SELECTOR = YES;
				GCC_WARN_UNINITIALIZED_AUTOS = YES_AGGRESSIVE;
				GCC_WARN_UNUSED_FUNCTION = YES;
				GCC_WARN_UNUSED_VARIABLE = YES;
				IPHONEOS_DEPLOYMENT_TARGET = 10.2;
				MTL_ENABLE_DEBUG_INFO = NO;
				SDKROOT = iphoneos;
				SWIFT_OPTIMIZATION_LEVEL = "-Owholemodule";
				VALIDATE_PRODUCT = YES;
			};
			name = Release;
		};
		FE5B9228204E9AC100C58A29 /* Debug */ = {
			isa = XCBuildConfiguration;
			baseConfigurationReference = F2359CFE82E2F33736EC2349 /* Pods-Weather_Now.debug.xcconfig */;
			buildSettings = {
				ASSETCATALOG_COMPILER_APPICON_NAME = AppIcon;
				CODE_SIGN_STYLE = Automatic;
				DEVELOPMENT_TEAM = E9R36XSN8N;
				INFOPLIST_FILE = Weather_Now/Info.plist;
				LD_RUNPATH_SEARCH_PATHS = "$(inherited) @executable_path/Frameworks";
				PRODUCT_BUNDLE_IDENTIFIER = "com.seojaehyeong.Weather-Now";
				PRODUCT_NAME = "$(TARGET_NAME)";
				SWIFT_VERSION = 4.0;
				TARGETED_DEVICE_FAMILY = 1;
			};
			name = Debug;
		};
		FE5B9229204E9AC100C58A29 /* Release */ = {
			isa = XCBuildConfiguration;
			baseConfigurationReference = A412F288E397FA9662BAB8C1 /* Pods-Weather_Now.release.xcconfig */;
			buildSettings = {
				ASSETCATALOG_COMPILER_APPICON_NAME = AppIcon;
				CODE_SIGN_STYLE = Automatic;
				DEVELOPMENT_TEAM = E9R36XSN8N;
				INFOPLIST_FILE = Weather_Now/Info.plist;
				LD_RUNPATH_SEARCH_PATHS = "$(inherited) @executable_path/Frameworks";
				PRODUCT_BUNDLE_IDENTIFIER = "com.seojaehyeong.Weather-Now";
				PRODUCT_NAME = "$(TARGET_NAME)";
				SWIFT_VERSION = 4.0;
				TARGETED_DEVICE_FAMILY = 1;
			};
			name = Release;
		};
/* End XCBuildConfiguration section */

/* Begin XCConfigurationList section */
		FE5B9210204E9AC100C58A29 /* Build configuration list for PBXProject "Weather_Now" */ = {
			isa = XCConfigurationList;
			buildConfigurations = (
				FE5B9225204E9AC100C58A29 /* Debug */,
				FE5B9226204E9AC100C58A29 /* Release */,
			);
			defaultConfigurationIsVisible = 0;
			defaultConfigurationName = Release;
		};
		FE5B9227204E9AC100C58A29 /* Build configuration list for PBXNativeTarget "Weather_Now" */ = {
			isa = XCConfigurationList;
			buildConfigurations = (
				FE5B9228204E9AC100C58A29 /* Debug */,
				FE5B9229204E9AC100C58A29 /* Release */,
			);
			defaultConfigurationIsVisible = 0;
			defaultConfigurationName = Release;
		};
/* End XCConfigurationList section */
	};
	rootObject = FE5B920D204E9AC100C58A29 /* Project object */;
}
