// !$*UTF8*$!
{
	archiveVersion = 1;
	classes = {
	};
	objectVersion = 48;
	objects = {

/* Begin PBXBuildFile section */
		FE2AE4A820440A2400DC66AB /* QuestionBank.swift in Sources */ = {isa = PBXBuildFile; fileRef = FE2AE4A720440A2400DC66AB /* QuestionBank.swift */; };
		FE2AE4AD2044501500DC66AB /* ProgressHUD.m in Sources */ = {isa = PBXBuildFile; fileRef = FE2AE4AA2044501500DC66AB /* ProgressHUD.m */; };
		FE2AE4AE2044501500DC66AB /* ProgressHUD.bundle in Resources */ = {isa = PBXBuildFile; fileRef = FE2AE4AC2044501500DC66AB /* ProgressHUD.bundle */; };
		FEAF4ED52041640900732AED /* AppDelegate.swift in Sources */ = {isa = PBXBuildFile; fileRef = FEAF4ED42041640900732AED /* AppDelegate.swift */; };
		FEAF4ED72041640900732AED /* ViewController.swift in Sources */ = {isa = PBXBuildFile; fileRef = FEAF4ED62041640900732AED /* ViewController.swift */; };
		FEAF4EDA2041640900732AED /* Main.storyboard in Resources */ = {isa = PBXBuildFile; fileRef = FEAF4ED82041640900732AED /* Main.storyboard */; };
		FEAF4EDC2041640900732AED /* Assets.xcassets in Resources */ = {isa = PBXBuildFile; fileRef = FEAF4EDB2041640900732AED /* Assets.xcassets */; };
		FEAF4EDF2041640900732AED /* LaunchScreen.storyboard in Resources */ = {isa = PBXBuildFile; fileRef = FEAF4EDD2041640900732AED /* LaunchScreen.storyboard */; };
		FEAF4EEB204168C600732AED /* Question.swift in Sources */ = {isa = PBXBuildFile; fileRef = FEAF4EEA204168C600732AED /* Question.swift */; };
/* End PBXBuildFile section */

/* Begin PBXFileReference section */
		FE2AE4A720440A2400DC66AB /* QuestionBank.swift */ = {isa = PBXFileReference; lastKnownFileType = sourcecode.swift; path = QuestionBank.swift; sourceTree = "<group>"; };
		FE2AE4A92044501400DC66AB /* Quiz_Together-Bridging-Header.h */ = {isa = PBXFileReference; lastKnownFileType = sourcecode.c.h; path = "Quiz_Together-Bridging-Header.h"; sourceTree = "<group>"; };
		FE2AE4AA2044501500DC66AB /* ProgressHUD.m */ = {isa = PBXFileReference; fileEncoding = 4; lastKnownFileType = sourcecode.c.objc; path = ProgressHUD.m; sourceTree = "<group>"; };
		FE2AE4AB2044501500DC66AB /* ProgressHUD.h */ = {isa = PBXFileReference; fileEncoding = 4; lastKnownFileType = sourcecode.c.h; path = ProgressHUD.h; sourceTree = "<group>"; };
		FE2AE4AC2044501500DC66AB /* ProgressHUD.bundle */ = {isa = PBXFileReference; lastKnownFileType = "wrapper.plug-in"; path = ProgressHUD.bundle; sourceTree = "<group>"; };
		FEAF4ED12041640900732AED /* Quiz_Together.app */ = {isa = PBXFileReference; explicitFileType = wrapper.application; includeInIndex = 0; path = Quiz_Together.app; sourceTree = BUILT_PRODUCTS_DIR; };
		FEAF4ED42041640900732AED /* AppDelegate.swift */ = {isa = PBXFileReference; lastKnownFileType = sourcecode.swift; path = AppDelegate.swift; sourceTree = "<group>"; };
		FEAF4ED62041640900732AED /* ViewController.swift */ = {isa = PBXFileReference; lastKnownFileType = sourcecode.swift; path = ViewController.swift; sourceTree = "<group>"; };
		FEAF4ED92041640900732AED /* Base */ = {isa = PBXFileReference; lastKnownFileType = file.storyboard; name = Base; path = Base.lproj/Main.storyboard; sourceTree = "<group>"; };
		FEAF4EDB2041640900732AED /* Assets.xcassets */ = {isa = PBXFileReference; lastKnownFileType = folder.assetcatalog; path = Assets.xcassets; sourceTree = "<group>"; };
		FEAF4EDE2041640900732AED /* Base */ = {isa = PBXFileReference; lastKnownFileType = file.storyboard; name = Base; path = Base.lproj/LaunchScreen.storyboard; sourceTree = "<group>"; };
		FEAF4EE02041640900732AED /* Info.plist */ = {isa = PBXFileReference; lastKnownFileType = text.plist.xml; path = Info.plist; sourceTree = "<group>"; };
		FEAF4EEA204168C600732AED /* Question.swift */ = {isa = PBXFileReference; lastKnownFileType = sourcecode.swift; path = Question.swift; sourceTree = "<group>"; };
/* End PBXFileReference section */

/* Begin PBXFrameworksBuildPhase section */
		FEAF4ECE2041640900732AED /* Frameworks */ = {
			isa = PBXFrameworksBuildPhase;
			buildActionMask = 2147483647;
			files = (
			);
			runOnlyForDeploymentPostprocessing = 0;
		};
/* End PBXFrameworksBuildPhase section */

/* Begin PBXGroup section */
		FEAF4EC82041640900732AED = {
			isa = PBXGroup;
			children = (
				FEAF4ED32041640900732AED /* Quiz_Together */,
				FEAF4ED22041640900732AED /* Products */,
			);
			sourceTree = "<group>";
		};
		FEAF4ED22041640900732AED /* Products */ = {
			isa = PBXGroup;
			children = (
				FEAF4ED12041640900732AED /* Quiz_Together.app */,
			);
			name = Products;
			sourceTree = "<group>";
		};
		FEAF4ED32041640900732AED /* Quiz_Together */ = {
			isa = PBXGroup;
			children = (
				FEAF4EE92041689700732AED /* Model */,
				FEAF4EE62041682400732AED /* Controller */,
				FEAF4EE72041684F00732AED /* View */,
				FEAF4EDD2041640900732AED /* LaunchScreen.storyboard */,
				FE2AE4AC2044501500DC66AB /* ProgressHUD.bundle */,
				FE2AE4AB2044501500DC66AB /* ProgressHUD.h */,
				FE2AE4AA2044501500DC66AB /* ProgressHUD.m */,
				FEAF4EE02041640900732AED /* Info.plist */,
				FE2AE4A92044501400DC66AB /* Quiz_Together-Bridging-Header.h */,
			);
			path = Quiz_Together;
			sourceTree = "<group>";
		};
		FEAF4EE62041682400732AED /* Controller */ = {
			isa = PBXGroup;
			children = (
				FEAF4ED42041640900732AED /* AppDelegate.swift */,
				FEAF4ED62041640900732AED /* ViewController.swift */,
			);
			path = Controller;
			sourceTree = "<group>";
		};
		FEAF4EE72041684F00732AED /* View */ = {
			isa = PBXGroup;
			children = (
				FEAF4EDB2041640900732AED /* Assets.xcassets */,
				FEAF4ED82041640900732AED /* Main.storyboard */,
			);
			path = View;
			sourceTree = "<group>";
		};
		FEAF4EE92041689700732AED /* Model */ = {
			isa = PBXGroup;
			children = (
				FEAF4EEA204168C600732AED /* Question.swift */,
				FE2AE4A720440A2400DC66AB /* QuestionBank.swift */,
			);
			path = Model;
			sourceTree = "<group>";
		};
/* End PBXGroup section */

/* Begin PBXNativeTarget section */
		FEAF4ED02041640900732AED /* Quiz_Together */ = {
			isa = PBXNativeTarget;
			buildConfigurationList = FEAF4EE32041640900732AED /* Build configuration list for PBXNativeTarget "Quiz_Together" */;
			buildPhases = (
				FEAF4ECD2041640900732AED /* Sources */,
				FEAF4ECE2041640900732AED /* Frameworks */,
				FEAF4ECF2041640900732AED /* Resources */,
			);
			buildRules = (
			);
			dependencies = (
			);
			name = Quiz_Together;
			productName = Quiz_Together;
			productReference = FEAF4ED12041640900732AED /* Quiz_Together.app */;
			productType = "com.apple.product-type.application";
		};
/* End PBXNativeTarget section */

/* Begin PBXProject section */
		FEAF4EC92041640900732AED /* Project object */ = {
			isa = PBXProject;
			attributes = {
				LastSwiftUpdateCheck = 0920;
				LastUpgradeCheck = 0920;
				ORGANIZATIONNAME = "Seo Jaehyeong";
				TargetAttributes = {
					FEAF4ED02041640900732AED = {
						CreatedOnToolsVersion = 9.2;
						LastSwiftMigration = 0920;
						ProvisioningStyle = Automatic;
					};
				};
			};
			buildConfigurationList = FEAF4ECC2041640900732AED /* Build configuration list for PBXProject "Quiz_Together" */;
			compatibilityVersion = "Xcode 8.0";
			developmentRegion = en;
			hasScannedForEncodings = 0;
			knownRegions = (
				en,
				Base,
			);
			mainGroup = FEAF4EC82041640900732AED;
			productRefGroup = FEAF4ED22041640900732AED /* Products */;
			projectDirPath = "";
			projectRoot = "";
			targets = (
				FEAF4ED02041640900732AED /* Quiz_Together */,
			);
		};
/* End PBXProject section */

/* Begin PBXResourcesBuildPhase section */
		FEAF4ECF2041640900732AED /* Resources */ = {
			isa = PBXResourcesBuildPhase;
			buildActionMask = 2147483647;
			files = (
				FE2AE4AE2044501500DC66AB /* ProgressHUD.bundle in Resources */,
				FEAF4EDF2041640900732AED /* LaunchScreen.storyboard in Resources */,
				FEAF4EDC2041640900732AED /* Assets.xcassets in Resources */,
				FEAF4EDA2041640900732AED /* Main.storyboard in Resources */,
			);
			runOnlyForDeploymentPostprocessing = 0;
		};
/* End PBXResourcesBuildPhase section */

/* Begin PBXSourcesBuildPhase section */
		FEAF4ECD2041640900732AED /* Sources */ = {
			isa = PBXSourcesBuildPhase;
			buildActionMask = 2147483647;
			files = (
				FEAF4EEB204168C600732AED /* Question.swift in Sources */,
				FE2AE4A820440A2400DC66AB /* QuestionBank.swift in Sources */,
				FE2AE4AD2044501500DC66AB /* ProgressHUD.m in Sources */,
				FEAF4ED72041640900732AED /* ViewController.swift in Sources */,
				FEAF4ED52041640900732AED /* AppDelegate.swift in Sources */,
			);
			runOnlyForDeploymentPostprocessing = 0;
		};
/* End PBXSourcesBuildPhase section */

/* Begin PBXVariantGroup section */
		FEAF4ED82041640900732AED /* Main.storyboard */ = {
			isa = PBXVariantGroup;
			children = (
				FEAF4ED92041640900732AED /* Base */,
			);
			name = Main.storyboard;
			sourceTree = "<group>";
		};
		FEAF4EDD2041640900732AED /* LaunchScreen.storyboard */ = {
			isa = PBXVariantGroup;
			children = (
				FEAF4EDE2041640900732AED /* Base */,
			);
			name = LaunchScreen.storyboard;
			sourceTree = "<group>";
		};
/* End PBXVariantGroup section */

/* Begin XCBuildConfiguration section */
		FEAF4EE12041640900732AED /* Debug */ = {
			isa = XCBuildConfiguration;
			buildSettings = {
				ALWAYS_SEARCH_USER_PATHS = NO;
				CLANG_ANALYZER_NONNULL = YES;
				CLANG_ANALYZER_NUMBER_OBJECT_CONVERSION = YES_AGGRESSIVE;
				CLANG_CXX_LANGUAGE_STANDARD = "gnu++14";
				CLANG_CXX_LIBRARY = "libc++";
				CLANG_ENABLE_MODULES = YES;
				CLANG_ENABLE_OBJC_ARC = YES;
				CLANG_WARN_BLOCK_CAPTURE_AUTORELEASING = YES;
				CLANG_WARN_BOOL_CONVERSION = YES;
				CLANG_WARN_COMMA = YES;
				CLANG_WARN_CONSTANT_CONVERSION = YES;
				CLANG_WARN_DIRECT_OBJC_ISA_USAGE = YES_ERROR;
				CLANG_WARN_DOCUMENTATION_COMMENTS = YES;
				CLANG_WARN_EMPTY_BODY = YES;
				CLANG_WARN_ENUM_CONVERSION = YES;
				CLANG_WARN_INFINITE_RECURSION = YES;
				CLANG_WARN_INT_CONVERSION = YES;
				CLANG_WARN_NON_LITERAL_NULL_CONVERSION = YES;
				CLANG_WARN_OBJC_LITERAL_CONVERSION = YES;
				CLANG_WARN_OBJC_ROOT_CLASS = YES_ERROR;
				CLANG_WARN_RANGE_LOOP_ANALYSIS = YES;
				CLANG_WARN_STRICT_PROTOTYPES = YES;
				CLANG_WARN_SUSPICIOUS_MOVE = YES;
				CLANG_WARN_UNGUARDED_AVAILABILITY = YES_AGGRESSIVE;
				CLANG_WARN_UNREACHABLE_CODE = YES;
				CLANG_WARN__DUPLICATE_METHOD_MATCH = YES;
				CODE_SIGN_IDENTITY = "iPhone Developer";
				COPY_PHASE_STRIP = NO;
				DEBUG_INFORMATION_FORMAT = dwarf;
				ENABLE_STRICT_OBJC_MSGSEND = YES;
				ENABLE_TESTABILITY = YES;
				GCC_C_LANGUAGE_STANDARD = gnu11;
				GCC_DYNAMIC_NO_PIC = NO;
				GCC_NO_COMMON_BLOCKS = YES;
				GCC_OPTIMIZATION_LEVEL = 0;
				GCC_PREPROCESSOR_DEFINITIONS = (
					"DEBUG=1",
					"$(inherited)",
				);
				GCC_WARN_64_TO_32_BIT_CONVERSION = YES;
				GCC_WARN_ABOUT_RETURN_TYPE = YES_ERROR;
				GCC_WARN_UNDECLARED_SELECTOR = YES;
				GCC_WARN_UNINITIALIZED_AUTOS = YES_AGGRESSIVE;
				GCC_WARN_UNUSED_FUNCTION = YES;
				GCC_WARN_UNUSED_VARIABLE = YES;
				IPHONEOS_DEPLOYMENT_TARGET = 11.2;
				MTL_ENABLE_DEBUG_INFO = YES;
				ONLY_ACTIVE_ARCH = YES;
				SDKROOT = iphoneos;
				SWIFT_ACTIVE_COMPILATION_CONDITIONS = DEBUG;
				SWIFT_OPTIMIZATION_LEVEL = "-Onone";
			};
			name = Debug;
		};
		FEAF4EE22041640900732AED /* Release */ = {
			isa = XCBuildConfiguration;
			buildSettings = {
				ALWAYS_SEARCH_USER_PATHS = NO;
				CLANG_ANALYZER_NONNULL = YES;
				CLANG_ANALYZER_NUMBER_OBJECT_CONVERSION = YES_AGGRESSIVE;
				CLANG_CXX_LANGUAGE_STANDARD = "gnu++14";
				CLANG_CXX_LIBRARY = "libc++";
				CLANG_ENABLE_MODULES = YES;
				CLANG_ENABLE_OBJC_ARC = YES;
				CLANG_WARN_BLOCK_CAPTURE_AUTORELEASING = YES;
				CLANG_WARN_BOOL_CONVERSION = YES;
				CLANG_WARN_COMMA = YES;
				CLANG_WARN_CONSTANT_CONVERSION = YES;
				CLANG_WARN_DIRECT_OBJC_ISA_USAGE = YES_ERROR;
				CLANG_WARN_DOCUMENTATION_COMMENTS = YES;
				CLANG_WARN_EMPTY_BODY = YES;
				CLANG_WARN_ENUM_CONVERSION = YES;
				CLANG_WARN_INFINITE_RECURSION = YES;
				CLANG_WARN_INT_CONVERSION = YES;
				CLANG_WARN_NON_LITERAL_NULL_CONVERSION = YES;
				CLANG_WARN_OBJC_LITERAL_CONVERSION = YES;
				CLANG_WARN_OBJC_ROOT_CLASS = YES_ERROR;
				CLANG_WARN_RANGE_LOOP_ANALYSIS = YES;
				CLANG_WARN_STRICT_PROTOTYPES = YES;
				CLANG_WARN_SUSPICIOUS_MOVE = YES;
				CLANG_WARN_UNGUARDED_AVAILABILITY = YES_AGGRESSIVE;
				CLANG_WARN_UNREACHABLE_CODE = YES;
				CLANG_WARN__DUPLICATE_METHOD_MATCH = YES;
				CODE_SIGN_IDENTITY = "iPhone Developer";
				COPY_PHASE_STRIP = NO;
				DEBUG_INFORMATION_FORMAT = "dwarf-with-dsym";
				ENABLE_NS_ASSERTIONS = NO;
				ENABLE_STRICT_OBJC_MSGSEND = YES;
				GCC_C_LANGUAGE_STANDARD = gnu11;
				GCC_NO_COMMON_BLOCKS = YES;
				GCC_WARN_64_TO_32_BIT_CONVERSION = YES;
				GCC_WARN_ABOUT_RETURN_TYPE = YES_ERROR;
				GCC_WARN_UNDECLARED_SELECTOR = YES;
				GCC_WARN_UNINITIALIZED_AUTOS = YES_AGGRESSIVE;
				GCC_WARN_UNUSED_FUNCTION = YES;
				GCC_WARN_UNUSED_VARIABLE = YES;
				IPHONEOS_DEPLOYMENT_TARGET = 11.2;
				MTL_ENABLE_DEBUG_INFO = NO;
				SDKROOT = iphoneos;
				SWIFT_OPTIMIZATION_LEVEL = "-Owholemodule";
				VALIDATE_PRODUCT = YES;
			};
			name = Release;
		};
		FEAF4EE42041640900732AED /* Debug */ = {
			isa = XCBuildConfiguration;
			buildSettings = {
				ASSETCATALOG_COMPILER_APPICON_NAME = AppIcon;
				CLANG_ENABLE_MODULES = YES;
				CODE_SIGN_STYLE = Automatic;
				DEVELOPMENT_TEAM = E9R36XSN8N;
				INFOPLIST_FILE = Quiz_Together/Info.plist;
				LD_RUNPATH_SEARCH_PATHS = "$(inherited) @executable_path/Frameworks";
				PRODUCT_BUNDLE_IDENTIFIER = "com.seojaehyeong.Quiz-Together";
				PRODUCT_NAME = "$(TARGET_NAME)";
				SWIFT_OBJC_BRIDGING_HEADER = "Quiz_Together/Quiz_Together-Bridging-Header.h";
				SWIFT_OPTIMIZATION_LEVEL = "-Onone";
				SWIFT_VERSION = 4.0;
				TARGETED_DEVICE_FAMILY = 1;
			};
			name = Debug;
		};
		FEAF4EE52041640900732AED /* Release */ = {
			isa = XCBuildConfiguration;
			buildSettings = {
				ASSETCATALOG_COMPILER_APPICON_NAME = AppIcon;
				CLANG_ENABLE_MODULES = YES;
				CODE_SIGN_STYLE = Automatic;
				DEVELOPMENT_TEAM = E9R36XSN8N;
				INFOPLIST_FILE = Quiz_Together/Info.plist;
				LD_RUNPATH_SEARCH_PATHS = "$(inherited) @executable_path/Frameworks";
				PRODUCT_BUNDLE_IDENTIFIER = "com.seojaehyeong.Quiz-Together";
				PRODUCT_NAME = "$(TARGET_NAME)";
				SWIFT_OBJC_BRIDGING_HEADER = "Quiz_Together/Quiz_Together-Bridging-Header.h";
				SWIFT_VERSION = 4.0;
				TARGETED_DEVICE_FAMILY = 1;
			};
			name = Release;
		};
/* End XCBuildConfiguration section */

/* Begin XCConfigurationList section */
		FEAF4ECC2041640900732AED /* Build configuration list for PBXProject "Quiz_Together" */ = {
			isa = XCConfigurationList;
			buildConfigurations = (
				FEAF4EE12041640900732AED /* Debug */,
				FEAF4EE22041640900732AED /* Release */,
			);
			defaultConfigurationIsVisible = 0;
			defaultConfigurationName = Release;
		};
		FEAF4EE32041640900732AED /* Build configuration list for PBXNativeTarget "Quiz_Together" */ = {
			isa = XCConfigurationList;
			buildConfigurations = (
				FEAF4EE42041640900732AED /* Debug */,
				FEAF4EE52041640900732AED /* Release */,
			);
			defaultConfigurationIsVisible = 0;
			defaultConfigurationName = Release;
		};
/* End XCConfigurationList section */
	};
	rootObject = FEAF4EC92041640900732AED /* Project object */;
}
